Microsoft Visual Studio Solution File, Format Version 12.00
# Visual Studio 14
Project("{8BC9CEB8-8B4A-11D0-8D11-00A0C91BC942}") = "ALL_BUILD", "ALL_BUILD.vcxproj", "{00542809-9DA1-3A85-A075-51F8F34E01EB}"
	ProjectSection(ProjectDependencies) = postProject
		{8941C240-F902-3208-A199-1CDFE0861D68} = {8941C240-F902-3208-A199-1CDFE0861D68}
		{34DD419F-967F-3CCE-9D5D-3C1546C0EC79} = {34DD419F-967F-3CCE-9D5D-3C1546C0EC79}
		{C2DD55F9-25E7-3BAA-8D4B-C2A2B9BEC62F} = {C2DD55F9-25E7-3BAA-8D4B-C2A2B9BEC62F}
		{B717F507-E61B-3AFE-9A37-878EBB9EEC89} = {B717F507-E61B-3AFE-9A37-878EBB9EEC89}
		{9E2571A2-3BF3-32DC-92E2-A3313A0B8803} = {9E2571A2-3BF3-32DC-92E2-A3313A0B8803}
	EndProjectSection
EndProject
Project("{8BC9CEB8-8B4A-11D0-8D11-00A0C91BC942}") = "INSTALL", "INSTALL.vcxproj", "{66797EC0-C2B5-3F73-A364-787EF3621A9D}"
	ProjectSection(ProjectDependencies) = postProject
		{00542809-9DA1-3A85-A075-51F8F34E01EB} = {00542809-9DA1-3A85-A075-51F8F34E01EB}
		{8941C240-F902-3208-A199-1CDFE0861D68} = {8941C240-F902-3208-A199-1CDFE0861D68}
	EndProjectSection
EndProject
Project("{8BC9CEB8-8B4A-11D0-8D11-00A0C91BC942}") = "ZERO_CHECK", "ZERO_CHECK.vcxproj", "{8941C240-F902-3208-A199-1CDFE0861D68}"
	ProjectSection(ProjectDependencies) = postProject
	EndProjectSection
EndProject
Project("{8BC9CEB8-8B4A-11D0-8D11-00A0C91BC942}") = "glew", "glew.vcxproj", "{34DD419F-967F-3CCE-9D5D-3C1546C0EC79}"
	ProjectSection(ProjectDependencies) = postProject
		{8941C240-F902-3208-A199-1CDFE0861D68} = {8941C240-F902-3208-A199-1CDFE0861D68}
	EndProjectSection
EndProject
Project("{8BC9CEB8-8B4A-11D0-8D11-00A0C91BC942}") = "glew_s", "glew_s.vcxproj", "{C2DD55F9-25E7-3BAA-8D4B-C2A2B9BEC62F}"
	ProjectSection(ProjectDependencies) = postProject
		{8941C240-F902-3208-A199-1CDFE0861D68} = {8941C240-F902-3208-A199-1CDFE0861D68}
	EndProjectSection
EndProject
Project("{8BC9CEB8-8B4A-11D0-8D11-00A0C91BC942}") = "glewinfo", "glewinfo.vcxproj", "{B717F507-E61B-3AFE-9A37-878EBB9EEC89}"
	ProjectSection(ProjectDependencies) = postProject
		{8941C240-F902-3208-A199-1CDFE0861D68} = {8941C240-F902-3208-A199-1CDFE0861D68}
		{34DD419F-967F-3CCE-9D5D-3C1546C0EC79} = {34DD419F-967F-3CCE-9D5D-3C1546C0EC79}
	EndProjectSection
EndProject
Project("{8BC9CEB8-8B4A-11D0-8D11-00A0C91BC942}") = "visualinfo", "visualinfo.vcxproj", "{9E2571A2-3BF3-32DC-92E2-A3313A0B8803}"
	ProjectSection(ProjectDependencies) = postProject
		{8941C240-F902-3208-A199-1CDFE0861D68} = {8941C240-F902-3208-A199-1CDFE0861D68}
		{34DD419F-967F-3CCE-9D5D-3C1546C0EC79} = {34DD419F-967F-3CCE-9D5D-3C1546C0EC79}
	EndProjectSection
EndProject
Global
	GlobalSection(SolutionConfigurationPlatforms) = preSolution
		Debug|Win32 = Debug|Win32
		Release|Win32 = Release|Win32
		MinSizeRel|Win32 = MinSizeRel|Win32
		RelWithDebInfo|Win32 = RelWithDebInfo|Win32
	EndGlobalSection
	GlobalSection(ProjectConfigurationPlatforms) = postSolution
		{00542809-9DA1-3A85-A075-51F8F34E01EB}.Debug|Win32.ActiveCfg = Debug|Win32
		{00542809-9DA1-3A85-A075-51F8F34E01EB}.Debug|Win32.Build.0 = Debug|Win32
		{00542809-9DA1-3A85-A075-51F8F34E01EB}.Release|Win32.ActiveCfg = Release|Win32
		{00542809-9DA1-3A85-A075-51F8F34E01EB}.Release|Win32.Build.0 = Release|Win32
		{00542809-9DA1-3A85-A075-51F8F34E01EB}.MinSizeRel|Win32.ActiveCfg = MinSizeRel|Win32
		{00542809-9DA1-3A85-A075-51F8F34E01EB}.MinSizeRel|Win32.Build.0 = MinSizeRel|Win32
		{00542809-9DA1-3A85-A075-51F8F34E01EB}.RelWithDebInfo|Win32.ActiveCfg = RelWithDebInfo|Win32
		{00542809-9DA1-3A85-A075-51F8F34E01EB}.RelWithDebInfo|Win32.Build.0 = RelWithDebInfo|Win32
		{66797EC0-C2B5-3F73-A364-787EF3621A9D}.Debug|Win32.ActiveCfg = Debug|Win32
		{66797EC0-C2B5-3F73-A364-787EF3621A9D}.Release|Win32.ActiveCfg = Release|Win32
		{66797EC0-C2B5-3F73-A364-787EF3621A9D}.MinSizeRel|Win32.ActiveCfg = MinSizeRel|Win32
		{66797EC0-C2B5-3F73-A364-787EF3621A9D}.RelWithDebInfo|Win32.ActiveCfg = RelWithDebInfo|Win32
		{8941C240-F902-3208-A199-1CDFE0861D68}.Debug|Win32.ActiveCfg = Debug|Win32
		{8941C240-F902-3208-A199-1CDFE0861D68}.Debug|Win32.Build.0 = Debug|Win32
		{8941C240-F902-3208-A199-1CDFE0861D68}.Release|Win32.ActiveCfg = Release|Win32
		{8941C240-F902-3208-A199-1CDFE0861D68}.Release|Win32.Build.0 = Release|Win32
		{8941C240-F902-3208-A199-1CDFE0861D68}.MinSizeRel|Win32.ActiveCfg = MinSizeRel|Win32
		{8941C240-F902-3208-A199-1CDFE0861D68}.MinSizeRel|Win32.Build.0 = MinSizeRel|Win32
		{8941C240-F902-3208-A199-1CDFE0861D68}.RelWithDebInfo|Win32.ActiveCfg = RelWithDebInfo|Win32
		{8941C240-F902-3208-A199-1CDFE0861D68}.RelWithDebInfo|Win32.Build.0 = RelWithDebInfo|Win32
		{34DD419F-967F-3CCE-9D5D-3C1546C0EC79}.Debug|Win32.ActiveCfg = Debug|Win32
		{34DD419F-967F-3CCE-9D5D-3C1546C0EC79}.Debug|Win32.Build.0 = Debug|Win32
		{34DD419F-967F-3CCE-9D5D-3C1546C0EC79}.Release|Win32.ActiveCfg = Release|Win32
		{34DD419F-967F-3CCE-9D5D-3C1546C0EC79}.Release|Win32.Build.0 = Release|Win32
		{34DD419F-967F-3CCE-9D5D-3C1546C0EC79}.MinSizeRel|Win32.ActiveCfg = MinSizeRel|Win32
		{34DD419F-967F-3CCE-9D5D-3C1546C0EC79}.MinSizeRel|Win32.Build.0 = MinSizeRel|Win32
		{34DD419F-967F-3CCE-9D5D-3C1546C0EC79}.RelWithDebInfo|Win32.ActiveCfg = RelWithDebInfo|Win32
		{34DD419F-967F-3CCE-9D5D-3C1546C0EC79}.RelWithDebInfo|Win32.Build.0 = RelWithDebInfo|Win32
		{C2DD55F9-25E7-3BAA-8D4B-C2A2B9BEC62F}.Debug|Win32.ActiveCfg = Debug|Win32
		{C2DD55F9-25E7-3BAA-8D4B-C2A2B9BEC62F}.Debug|Win32.Build.0 = Debug|Win32
		{C2DD55F9-25E7-3BAA-8D4B-C2A2B9BEC62F}.Release|Win32.ActiveCfg = Release|Win32
		{C2DD55F9-25E7-3BAA-8D4B-C2A2B9BEC62F}.Release|Win32.Build.0 = Release|Win32
		{C2DD55F9-25E7-3BAA-8D4B-C2A2B9BEC62F}.MinSizeRel|Win32.ActiveCfg = MinSizeRel|Win32
		{C2DD55F9-25E7-3BAA-8D4B-C2A2B9BEC62F}.MinSizeRel|Win32.Build.0 = MinSizeRel|Win32
		{C2DD55F9-25E7-3BAA-8D4B-C2A2B9BEC62F}.RelWithDebInfo|Win32.ActiveCfg = RelWithDebInfo|Win32
		{C2DD55F9-25E7-3BAA-8D4B-C2A2B9BEC62F}.RelWithDebInfo|Win32.Build.0 = RelWithDebInfo|Win32
		{B717F507-E61B-3AFE-9A37-878EBB9EEC89}.Debug|Win32.ActiveCfg = Debug|Win32
		{B717F507-E61B-3AFE-9A37-878EBB9EEC89}.Debug|Win32.Build.0 = Debug|Win32
		{B717F507-E61B-3AFE-9A37-878EBB9EEC89}.Release|Win32.ActiveCfg = Release|Win32
		{B717F507-E61B-3AFE-9A37-878EBB9EEC89}.Release|Win32.Build.0 = Release|Win32
		{B717F507-E61B-3AFE-9A37-878EBB9EEC89}.MinSizeRel|Win32.ActiveCfg = MinSizeRel|Win32
		{B717F507-E61B-3AFE-9A37-878EBB9EEC89}.MinSizeRel|Win32.Build.0 = MinSizeRel|Win32
		{B717F507-E61B-3AFE-9A37-878EBB9EEC89}.RelWithDebInfo|Win32.ActiveCfg = RelWithDebInfo|Win32
		{B717F507-E61B-3AFE-9A37-878EBB9EEC89}.RelWithDebInfo|Win32.Build.0 = RelWithDebInfo|Win32
		{9E2571A2-3BF3-32DC-92E2-A3313A0B8803}.Debug|Win32.ActiveCfg = Debug|Win32
		{9E2571A2-3BF3-32DC-92E2-A3313A0B8803}.Debug|Win32.Build.0 = Debug|Win32
		{9E2571A2-3BF3-32DC-92E2-A3313A0B8803}.Release|Win32.ActiveCfg = Release|Win32
		{9E2571A2-3BF3-32DC-92E2-A3313A0B8803}.Release|Win32.Build.0 = Release|Win32
		{9E2571A2-3BF3-32DC-92E2-A3313A0B8803}.MinSizeRel|Win32.ActiveCfg = MinSizeRel|Win32
		{9E2571A2-3BF3-32DC-92E2-A3313A0B8803}.MinSizeRel|Win32.Build.0 = MinSizeRel|Win32
		{9E2571A2-3BF3-32DC-92E2-A3313A0B8803}.RelWithDebInfo|Win32.ActiveCfg = RelWithDebInfo|Win32
		{9E2571A2-3BF3-32DC-92E2-A3313A0B8803}.RelWithDebInfo|Win32.Build.0 = RelWithDebInfo|Win32
	EndGlobalSection
	GlobalSection(ExtensibilityGlobals) = postSolution
	EndGlobalSection
	GlobalSection(ExtensibilityAddIns) = postSolution
	EndGlobalSection
EndGlobal
